// !$*UTF8*$!
{
	archiveVersion = 1;
	classes = {
	};
	objectVersion = 46;
	objects = {

/* Begin PBXBuildFile section */
		1432C40C1AC2D40400E15CDE /* GameViewController.m in Sources */ = {isa = PBXBuildFile; fileRef = 1432C40B1AC2D40400E15CDE /* GameViewController.m */; };
		1432C40F1AC2E28B00E15CDE /* VerifyAnswerViewController.m in Sources */ = {isa = PBXBuildFile; fileRef = 1432C40E1AC2E28B00E15CDE /* VerifyAnswerViewController.m */; };
		1452A45D1AC97CEB00A46762 /* ResultsViewController.m in Sources */ = {isa = PBXBuildFile; fileRef = 1452A45C1AC97CEB00A46762 /* ResultsViewController.m */; };
		1452A4601AC988E400A46762 /* GameSettings.m in Sources */ = {isa = PBXBuildFile; fileRef = 1452A45F1AC988E400A46762 /* GameSettings.m */; };
		1457877D1AC4200F007D76A1 /* Player.m in Sources */ = {isa = PBXBuildFile; fileRef = 1457877C1AC4200F007D76A1 /* Player.m */; };
		14C443361AC18C6300103C35 /* main.m in Sources */ = {isa = PBXBuildFile; fileRef = 14C443351AC18C6300103C35 /* main.m */; };
		14C443391AC18C6300103C35 /* AppDelegate.m in Sources */ = {isa = PBXBuildFile; fileRef = 14C443381AC18C6300103C35 /* AppDelegate.m */; };
		14C4433C1AC18C6300103C35 /* viewController.m in Sources */ = {isa = PBXBuildFile; fileRef = 14C4433B1AC18C6300103C35 /* viewController.m */; };
		14C4433F1AC18C6300103C35 /* Main.storyboard in Resources */ = {isa = PBXBuildFile; fileRef = 14C4433D1AC18C6300103C35 /* Main.storyboard */; };
		14C443411AC18C6300103C35 /* Images.xcassets in Resources */ = {isa = PBXBuildFile; fileRef = 14C443401AC18C6300103C35 /* Images.xcassets */; };
		93009F211ACD74250075610E /* Launch Screen.xib in Resources */ = {isa = PBXBuildFile; fileRef = 93009F201ACD74250075610E /* Launch Screen.xib */; };
		9385D9461B0936900006D08D /* PauseMenuView.m in Sources */ = {isa = PBXBuildFile; fileRef = 9385D9451B0936900006D08D /* PauseMenuView.m */; };
		938E686E1ACC08DD009B7AE7 /* FirstViewController.m in Sources */ = {isa = PBXBuildFile; fileRef = 938E686D1ACC08DD009B7AE7 /* FirstViewController.m */; };
		939249E11AC19883008D5500 /* Connectivity.m in Sources */ = {isa = PBXBuildFile; fileRef = 939249E01AC19883008D5500 /* Connectivity.m */; };
		939249E41AC1A549008D5500 /* ConnectionsViewController.m in Sources */ = {isa = PBXBuildFile; fileRef = 939249E31AC1A549008D5500 /* ConnectionsViewController.m */; };
		939ADCB51B0E337F00FDEA66 /* varground.ttf in Resources */ = {isa = PBXBuildFile; fileRef = 939ADCB41B0E2FD900FDEA66 /* varground.ttf */; };
		93BF041A1AD2C78100AFB30B /* questions.txt in Resources */ = {isa = PBXBuildFile; fileRef = 93BF04191AD2C78100AFB30B /* questions.txt */; };
/* End PBXBuildFile section */

/* Begin PBXFileReference section */
		1432C40A1AC2D40400E15CDE /* GameViewController.h */ = {isa = PBXFileReference; fileEncoding = 4; lastKnownFileType = sourcecode.c.h; name = GameViewController.h; path = ../GameViewController.h; sourceTree = "<group>"; };
		1432C40B1AC2D40400E15CDE /* GameViewController.m */ = {isa = PBXFileReference; fileEncoding = 4; lastKnownFileType = sourcecode.c.objc; name = GameViewController.m; path = ../GameViewController.m; sourceTree = "<group>"; };
		1432C40D1AC2E28B00E15CDE /* VerifyAnswerViewController.h */ = {isa = PBXFileReference; fileEncoding = 4; lastKnownFileType = sourcecode.c.h; path = VerifyAnswerViewController.h; sourceTree = "<group>"; };
		1432C40E1AC2E28B00E15CDE /* VerifyAnswerViewController.m */ = {isa = PBXFileReference; fileEncoding = 4; lastKnownFileType = sourcecode.c.objc; path = VerifyAnswerViewController.m; sourceTree = "<group>"; };
		1452A45B1AC97CEB00A46762 /* ResultsViewController.h */ = {isa = PBXFileReference; fileEncoding = 4; lastKnownFileType = sourcecode.c.h; path = ResultsViewController.h; sourceTree = "<group>"; };
		1452A45C1AC97CEB00A46762 /* ResultsViewController.m */ = {isa = PBXFileReference; fileEncoding = 4; lastKnownFileType = sourcecode.c.objc; path = ResultsViewController.m; sourceTree = "<group>"; };
		1452A45E1AC988E400A46762 /* GameSettings.h */ = {isa = PBXFileReference; fileEncoding = 4; lastKnownFileType = sourcecode.c.h; path = GameSettings.h; sourceTree = "<group>"; };
		1452A45F1AC988E400A46762 /* GameSettings.m */ = {isa = PBXFileReference; fileEncoding = 4; lastKnownFileType = sourcecode.c.objc; path = GameSettings.m; sourceTree = "<group>"; };
		1457877B1AC4200F007D76A1 /* Player.h */ = {isa = PBXFileReference; fileEncoding = 4; lastKnownFileType = sourcecode.c.h; path = Player.h; sourceTree = "<group>"; };
		1457877C1AC4200F007D76A1 /* Player.m */ = {isa = PBXFileReference; fileEncoding = 4; lastKnownFileType = sourcecode.c.objc; path = Player.m; sourceTree = "<group>"; };
		14C443301AC18C6300103C35 /* DoIKnowYou.app */ = {isa = PBXFileReference; explicitFileType = wrapper.application; includeInIndex = 0; path = DoIKnowYou.app; sourceTree = BUILT_PRODUCTS_DIR; };
		14C443341AC18C6300103C35 /* Info.plist */ = {isa = PBXFileReference; lastKnownFileType = text.plist.xml; path = Info.plist; sourceTree = "<group>"; };
		14C443351AC18C6300103C35 /* main.m */ = {isa = PBXFileReference; lastKnownFileType = sourcecode.c.objc; path = main.m; sourceTree = "<group>"; };
		14C443371AC18C6300103C35 /* AppDelegate.h */ = {isa = PBXFileReference; lastKnownFileType = sourcecode.c.h; path = AppDelegate.h; sourceTree = "<group>"; };
		14C443381AC18C6300103C35 /* AppDelegate.m */ = {isa = PBXFileReference; lastKnownFileType = sourcecode.c.objc; path = AppDelegate.m; sourceTree = "<group>"; };
		14C4433A1AC18C6300103C35 /* viewController.h */ = {isa = PBXFileReference; lastKnownFileType = sourcecode.c.h; path = viewController.h; sourceTree = "<group>"; };
		14C4433B1AC18C6300103C35 /* viewController.m */ = {isa = PBXFileReference; lastKnownFileType = sourcecode.c.objc; path = viewController.m; sourceTree = "<group>"; };
		14C4433E1AC18C6300103C35 /* Base */ = {isa = PBXFileReference; lastKnownFileType = file.storyboard; name = Base; path = Base.lproj/Main.storyboard; sourceTree = "<group>"; };
		14C443401AC18C6300103C35 /* Images.xcassets */ = {isa = PBXFileReference; lastKnownFileType = folder.assetcatalog; path = Images.xcassets; sourceTree = "<group>"; };
		93009F201ACD74250075610E /* Launch Screen.xib */ = {isa = PBXFileReference; fileEncoding = 4; lastKnownFileType = file.xib; path = "Launch Screen.xib"; sourceTree = "<group>"; };
		9385D9441B0936900006D08D /* PauseMenuView.h */ = {isa = PBXFileReference; fileEncoding = 4; lastKnownFileType = sourcecode.c.h; path = PauseMenuView.h; sourceTree = "<group>"; };
		9385D9451B0936900006D08D /* PauseMenuView.m */ = {isa = PBXFileReference; fileEncoding = 4; lastKnownFileType = sourcecode.c.objc; path = PauseMenuView.m; sourceTree = "<group>"; };
		938E686C1ACC08DD009B7AE7 /* FirstViewController.h */ = {isa = PBXFileReference; fileEncoding = 4; lastKnownFileType = sourcecode.c.h; path = FirstViewController.h; sourceTree = "<group>"; };
		938E686D1ACC08DD009B7AE7 /* FirstViewController.m */ = {isa = PBXFileReference; fileEncoding = 4; lastKnownFileType = sourcecode.c.objc; path = FirstViewController.m; sourceTree = "<group>"; };
		939249DF1AC19883008D5500 /* Connectivity.h */ = {isa = PBXFileReference; fileEncoding = 4; lastKnownFileType = sourcecode.c.h; path = Connectivity.h; sourceTree = "<group>"; };
		939249E01AC19883008D5500 /* Connectivity.m */ = {isa = PBXFileReference; fileEncoding = 4; lastKnownFileType = sourcecode.c.objc; path = Connectivity.m; sourceTree = "<group>"; };
		939249E21AC1A549008D5500 /* ConnectionsViewController.h */ = {isa = PBXFileReference; fileEncoding = 4; lastKnownFileType = sourcecode.c.h; path = ConnectionsViewController.h; sourceTree = "<group>"; };
		939249E31AC1A549008D5500 /* ConnectionsViewController.m */ = {isa = PBXFileReference; fileEncoding = 4; lastKnownFileType = sourcecode.c.objc; path = ConnectionsViewController.m; sourceTree = "<group>"; };
		939ADCB41B0E2FD900FDEA66 /* varground.ttf */ = {isa = PBXFileReference; lastKnownFileType = file; path = varground.ttf; sourceTree = "<group>"; };
		93BF04191AD2C78100AFB30B /* questions.txt */ = {isa = PBXFileReference; fileEncoding = 4; lastKnownFileType = text; path = questions.txt; sourceTree = SOURCE_ROOT; };
/* End PBXFileReference section */

/* Begin PBXFrameworksBuildPhase section */
		14C4432D1AC18C6300103C35 /* Frameworks */ = {
			isa = PBXFrameworksBuildPhase;
			buildActionMask = 2147483647;
			files = (
			);
			runOnlyForDeploymentPostprocessing = 0;
		};
/* End PBXFrameworksBuildPhase section */

/* Begin PBXGroup section */
		14C443271AC18C6300103C35 = {
			isa = PBXGroup;
			children = (
				14C443321AC18C6300103C35 /* DoYouKnowMe */,
				14C443311AC18C6300103C35 /* Products */,
			);
			sourceTree = "<group>";
		};
		14C443311AC18C6300103C35 /* Products */ = {
			isa = PBXGroup;
			children = (
				14C443301AC18C6300103C35 /* DoIKnowYou.app */,
			);
			name = Products;
			sourceTree = "<group>";
		};
		14C443321AC18C6300103C35 /* DoYouKnowMe */ = {
			isa = PBXGroup;
			children = (
				939ADCB41B0E2FD900FDEA66 /* varground.ttf */,
				938E68731ACC297F009B7AE7 /* resources */,
				939ADCB31B0B511600FDEA66 /* Controllers */,
				14C443371AC18C6300103C35 /* AppDelegate.h */,
				14C443381AC18C6300103C35 /* AppDelegate.m */,
				939249DF1AC19883008D5500 /* Connectivity.h */,
				939249E01AC19883008D5500 /* Connectivity.m */,
				1457877B1AC4200F007D76A1 /* Player.h */,
				1457877C1AC4200F007D76A1 /* Player.m */,
				1452A45E1AC988E400A46762 /* GameSettings.h */,
				1452A45F1AC988E400A46762 /* GameSettings.m */,
				14C4433D1AC18C6300103C35 /* Main.storyboard */,
				14C443401AC18C6300103C35 /* Images.xcassets */,
				93009F201ACD74250075610E /* Launch Screen.xib */,
				B55B1DDD1AC98F8B00C7D68E /* New Group */,
				9385D9441B0936900006D08D /* PauseMenuView.h */,
				9385D9451B0936900006D08D /* PauseMenuView.m */,
			);
			path = DoYouKnowMe;
			sourceTree = "<group>";
		};
		14C443331AC18C6300103C35 /* Supporting Files */ = {
			isa = PBXGroup;
			children = (
				14C443341AC18C6300103C35 /* Info.plist */,
				14C443351AC18C6300103C35 /* main.m */,
			);
			name = "Supporting Files";
			sourceTree = "<group>";
		};
		938E68731ACC297F009B7AE7 /* resources */ = {
			isa = PBXGroup;
			children = (
				93BF04191AD2C78100AFB30B /* questions.txt */,
			);
			name = resources;
			sourceTree = "<group>";
		};
		939ADCB31B0B511600FDEA66 /* Controllers */ = {
			isa = PBXGroup;
			children = (
				1432C40D1AC2E28B00E15CDE /* VerifyAnswerViewController.h */,
				1432C40E1AC2E28B00E15CDE /* VerifyAnswerViewController.m */,
				1432C40A1AC2D40400E15CDE /* GameViewController.h */,
				1432C40B1AC2D40400E15CDE /* GameViewController.m */,
				14C4433A1AC18C6300103C35 /* viewController.h */,
				14C4433B1AC18C6300103C35 /* viewController.m */,
				939249E21AC1A549008D5500 /* ConnectionsViewController.h */,
				939249E31AC1A549008D5500 /* ConnectionsViewController.m */,
				938E686C1ACC08DD009B7AE7 /* FirstViewController.h */,
				938E686D1ACC08DD009B7AE7 /* FirstViewController.m */,
				1452A45B1AC97CEB00A46762 /* ResultsViewController.h */,
				1452A45C1AC97CEB00A46762 /* ResultsViewController.m */,
			);
			name = Controllers;
			sourceTree = "<group>";
		};
		B55B1DDD1AC98F8B00C7D68E /* New Group */ = {
			isa = PBXGroup;
			children = (
				14C443331AC18C6300103C35 /* Supporting Files */,
			);
			name = "New Group";
			sourceTree = "<group>";
		};
/* End PBXGroup section */

/* Begin PBXNativeTarget section */
		14C4432F1AC18C6300103C35 /* DoIKnowYou */ = {
			isa = PBXNativeTarget;
			buildConfigurationList = 14C443531AC18C6300103C35 /* Build configuration list for PBXNativeTarget "DoIKnowYou" */;
			buildPhases = (
				14C4432C1AC18C6300103C35 /* Sources */,
				14C4432D1AC18C6300103C35 /* Frameworks */,
				14C4432E1AC18C6300103C35 /* Resources */,
			);
			buildRules = (
			);
			dependencies = (
			);
			name = DoIKnowYou;
			productName = DoYouKnowMe;
			productReference = 14C443301AC18C6300103C35 /* DoIKnowYou.app */;
			productType = "com.apple.product-type.application";
		};
/* End PBXNativeTarget section */

/* Begin PBXProject section */
		14C443281AC18C6300103C35 /* Project object */ = {
			isa = PBXProject;
			attributes = {
				LastUpgradeCheck = 0620;
				ORGANIZATIONNAME = "Arthur Alvarez";
				TargetAttributes = {
					14C4432F1AC18C6300103C35 = {
						CreatedOnToolsVersion = 6.2;
						DevelopmentTeam = 2T9YCH946H;
					};
				};
			};
			buildConfigurationList = 14C4432B1AC18C6300103C35 /* Build configuration list for PBXProject "DoIKnowYou" */;
			compatibilityVersion = "Xcode 3.2";
			developmentRegion = English;
			hasScannedForEncodings = 0;
			knownRegions = (
				en,
				Base,
			);
			mainGroup = 14C443271AC18C6300103C35;
			productRefGroup = 14C443311AC18C6300103C35 /* Products */;
			projectDirPath = "";
			projectRoot = "";
			targets = (
				14C4432F1AC18C6300103C35 /* DoIKnowYou */,
			);
		};
/* End PBXProject section */

/* Begin PBXResourcesBuildPhase section */
		14C4432E1AC18C6300103C35 /* Resources */ = {
			isa = PBXResourcesBuildPhase;
			buildActionMask = 2147483647;
			files = (
				939ADCB51B0E337F00FDEA66 /* varground.ttf in Resources */,
				93009F211ACD74250075610E /* Launch Screen.xib in Resources */,
				14C4433F1AC18C6300103C35 /* Main.storyboard in Resources */,
				14C443411AC18C6300103C35 /* Images.xcassets in Resources */,
				93BF041A1AD2C78100AFB30B /* questions.txt in Resources */,
			);
			runOnlyForDeploymentPostprocessing = 0;
		};
/* End PBXResourcesBuildPhase section */

/* Begin PBXSourcesBuildPhase section */
		14C4432C1AC18C6300103C35 /* Sources */ = {
			isa = PBXSourcesBuildPhase;
			buildActionMask = 2147483647;
			files = (
				938E686E1ACC08DD009B7AE7 /* FirstViewController.m in Sources */,
				1457877D1AC4200F007D76A1 /* Player.m in Sources */,
				939249E41AC1A549008D5500 /* ConnectionsViewController.m in Sources */,
				14C4433C1AC18C6300103C35 /* viewController.m in Sources */,
				1432C40F1AC2E28B00E15CDE /* VerifyAnswerViewController.m in Sources */,
				939249E11AC19883008D5500 /* Connectivity.m in Sources */,
				14C443391AC18C6300103C35 /* AppDelegate.m in Sources */,
				1452A45D1AC97CEB00A46762 /* ResultsViewController.m in Sources */,
				9385D9461B0936900006D08D /* PauseMenuView.m in Sources */,
				1432C40C1AC2D40400E15CDE /* GameViewController.m in Sources */,
				1452A4601AC988E400A46762 /* GameSettings.m in Sources */,
				14C443361AC18C6300103C35 /* main.m in Sources */,
			);
			runOnlyForDeploymentPostprocessing = 0;
		};
/* End PBXSourcesBuildPhase section */

/* Begin PBXVariantGroup section */
		14C4433D1AC18C6300103C35 /* Main.storyboard */ = {
			isa = PBXVariantGroup;
			children = (
				14C4433E1AC18C6300103C35 /* Base */,
			);
			name = Main.storyboard;
			sourceTree = "<group>";
		};
/* End PBXVariantGroup section */

/* Begin XCBuildConfiguration section */
		14C443511AC18C6300103C35 /* Debug */ = {
			isa = XCBuildConfiguration;
			buildSettings = {
				ALWAYS_SEARCH_USER_PATHS = NO;
				CLANG_CXX_LANGUAGE_STANDARD = "gnu++0x";
				CLANG_CXX_LIBRARY = "libc++";
				CLANG_ENABLE_MODULES = YES;
				CLANG_ENABLE_OBJC_ARC = YES;
				CLANG_WARN_BOOL_CONVERSION = YES;
				CLANG_WARN_CONSTANT_CONVERSION = YES;
				CLANG_WARN_DIRECT_OBJC_ISA_USAGE = YES_ERROR;
				CLANG_WARN_EMPTY_BODY = YES;
				CLANG_WARN_ENUM_CONVERSION = YES;
				CLANG_WARN_INT_CONVERSION = YES;
				CLANG_WARN_OBJC_ROOT_CLASS = YES_ERROR;
				CLANG_WARN_UNREACHABLE_CODE = YES;
				CLANG_WARN__DUPLICATE_METHOD_MATCH = YES;
				"CODE_SIGN_IDENTITY[sdk=iphoneos*]" = "iPhone Developer";
				COPY_PHASE_STRIP = NO;
				ENABLE_STRICT_OBJC_MSGSEND = YES;
				GCC_C_LANGUAGE_STANDARD = gnu99;
				GCC_DYNAMIC_NO_PIC = NO;
				GCC_OPTIMIZATION_LEVEL = 0;
				GCC_PREPROCESSOR_DEFINITIONS = (
					"DEBUG=1",
					"$(inherited)",
				);
				GCC_SYMBOLS_PRIVATE_EXTERN = NO;
				GCC_WARN_64_TO_32_BIT_CONVERSION = YES;
				GCC_WARN_ABOUT_RETURN_TYPE = YES_ERROR;
				GCC_WARN_UNDECLARED_SELECTOR = YES;
				GCC_WARN_UNINITIALIZED_AUTOS = YES_AGGRESSIVE;
				GCC_WARN_UNUSED_FUNCTION = YES;
				GCC_WARN_UNUSED_VARIABLE = YES;
				IPHONEOS_DEPLOYMENT_TARGET = 8.2;
				MTL_ENABLE_DEBUG_INFO = YES;
				ONLY_ACTIVE_ARCH = YES;
				SDKROOT = iphoneos;
			};
			name = Debug;
		};
		14C443521AC18C6300103C35 /* Release */ = {
			isa = XCBuildConfiguration;
			buildSettings = {
				ALWAYS_SEARCH_USER_PATHS = NO;
				CLANG_CXX_LANGUAGE_STANDARD = "gnu++0x";
				CLANG_CXX_LIBRARY = "libc++";
				CLANG_ENABLE_MODULES = YES;
				CLANG_ENABLE_OBJC_ARC = YES;
				CLANG_WARN_BOOL_CONVERSION = YES;
				CLANG_WARN_CONSTANT_CONVERSION = YES;
				CLANG_WARN_DIRECT_OBJC_ISA_USAGE = YES_ERROR;
				CLANG_WARN_EMPTY_BODY = YES;
				CLANG_WARN_ENUM_CONVERSION = YES;
				CLANG_WARN_INT_CONVERSION = YES;
				CLANG_WARN_OBJC_ROOT_CLASS = YES_ERROR;
				CLANG_WARN_UNREACHABLE_CODE = YES;
				CLANG_WARN__DUPLICATE_METHOD_MATCH = YES;
				"CODE_SIGN_IDENTITY[sdk=iphoneos*]" = "iPhone Developer";
				COPY_PHASE_STRIP = NO;
				ENABLE_NS_ASSERTIONS = NO;
				ENABLE_STRICT_OBJC_MSGSEND = YES;
				GCC_C_LANGUAGE_STANDARD = gnu99;
				GCC_WARN_64_TO_32_BIT_CONVERSION = YES;
				GCC_WARN_ABOUT_RETURN_TYPE = YES_ERROR;
				GCC_WARN_UNDECLARED_SELECTOR = YES;
				GCC_WARN_UNINITIALIZED_AUTOS = YES_AGGRESSIVE;
				GCC_WARN_UNUSED_FUNCTION = YES;
				GCC_WARN_UNUSED_VARIABLE = YES;
				IPHONEOS_DEPLOYMENT_TARGET = 8.2;
				MTL_ENABLE_DEBUG_INFO = NO;
				SDKROOT = iphoneos;
				VALIDATE_PRODUCT = YES;
			};
			name = Release;
		};
		14C443541AC18C6300103C35 /* Debug */ = {
			isa = XCBuildConfiguration;
			buildSettings = {
				ASSETCATALOG_COMPILER_APPICON_NAME = AppIcon;
				CLANG_ENABLE_MODULES = YES;
				CODE_SIGN_IDENTITY = "iPhone Developer";
				"CODE_SIGN_IDENTITY[sdk=iphoneos*]" = "iPhone Developer";
				INFOPLIST_FILE = DoYouKnowMe/Info.plist;
				IPHONEOS_DEPLOYMENT_TARGET = 8.2;
				LD_RUNPATH_SEARCH_PATHS = "$(inherited) @executable_path/Frameworks";
				PRODUCT_NAME = "$(TARGET_NAME)";
				PROVISIONING_PROFILE = "";
				SWIFT_OPTIMIZATION_LEVEL = "-Onone";
				TARGETED_DEVICE_FAMILY = "1,2";
			};
			name = Debug;
		};
		14C443551AC18C6300103C35 /* Release */ = {
			isa = XCBuildConfiguration;
			buildSettings = {
				ASSETCATALOG_COMPILER_APPICON_NAME = AppIcon;
				CLANG_ENABLE_MODULES = YES;
				CODE_SIGN_IDENTITY = "iPhone Developer";
				"CODE_SIGN_IDENTITY[sdk=iphoneos*]" = "iPhone Developer";
				INFOPLIST_FILE = DoYouKnowMe/Info.plist;
				IPHONEOS_DEPLOYMENT_TARGET = 8.2;
				LD_RUNPATH_SEARCH_PATHS = "$(inherited) @executable_path/Frameworks";
				PRODUCT_NAME = "$(TARGET_NAME)";
				PROVISIONING_PROFILE = "";
				TARGETED_DEVICE_FAMILY = "1,2";
			};
			name = Release;
		};
/* End XCBuildConfiguration section */

/* Begin XCConfigurationList section */
		14C4432B1AC18C6300103C35 /* Build configuration list for PBXProject "DoIKnowYou" */ = {
			isa = XCConfigurationList;
			buildConfigurations = (
				14C443511AC18C6300103C35 /* Debug */,
				14C443521AC18C6300103C35 /* Release */,
			);
			defaultConfigurationIsVisible = 0;
			defaultConfigurationName = Release;
		};
		14C443531AC18C6300103C35 /* Build configuration list for PBXNativeTarget "DoIKnowYou" */ = {
			isa = XCConfigurationList;
			buildConfigurations = (
				14C443541AC18C6300103C35 /* Debug */,
				14C443551AC18C6300103C35 /* Release */,
			);
			defaultConfigurationIsVisible = 0;
			defaultConfigurationName = Release;
		};
/* End XCConfigurationList section */
	};
	rootObject = 14C443281AC18C6300103C35 /* Project object */;
}
